// !$*UTF8*$!
{
	archiveVersion = 1;
	classes = {
	};
	objectVersion = 46;
	objects = {

/* Begin PBXBuildFile section */
		4ECE2E641F02F7DA00FC1851 /* AppDelegate.swift in Sources */ = {isa = PBXBuildFile; fileRef = 4ECE2E631F02F7DA00FC1851 /* AppDelegate.swift */; };
		4ECE2E661F02F7DA00FC1851 /* ViewController.swift in Sources */ = {isa = PBXBuildFile; fileRef = 4ECE2E651F02F7DA00FC1851 /* ViewController.swift */; };
		4ECE2E691F02F7DA00FC1851 /* Main.storyboard in Resources */ = {isa = PBXBuildFile; fileRef = 4ECE2E671F02F7DA00FC1851 /* Main.storyboard */; };
		4ECE2E6B1F02F7DA00FC1851 /* Assets.xcassets in Resources */ = {isa = PBXBuildFile; fileRef = 4ECE2E6A1F02F7DA00FC1851 /* Assets.xcassets */; };
		4ECE2E6E1F02F7DA00FC1851 /* LaunchScreen.storyboard in Resources */ = {isa = PBXBuildFile; fileRef = 4ECE2E6C1F02F7DA00FC1851 /* LaunchScreen.storyboard */; };
		4ECE2E761F02F92E00FC1851 /* LocationCollectingAndSending.swift in Sources */ = {isa = PBXBuildFile; fileRef = 4ECE2E751F02F92E00FC1851 /* LocationCollectingAndSending.swift */; };
		4ECE2E791F02FAB600FC1851 /* MonitoringManager.swift in Sources */ = {isa = PBXBuildFile; fileRef = 4ECE2E781F02FAB600FC1851 /* MonitoringManager.swift */; };
		4ECE2E7B1F03080600FC1851 /* Settings.swift in Sources */ = {isa = PBXBuildFile; fileRef = 4ECE2E7A1F03080600FC1851 /* Settings.swift */; };
		938C0F35BF120418960E8121 /* Pods_MonitoringDemo.framework in Frameworks */ = {isa = PBXBuildFile; fileRef = 80A59C8BF2951E2A6FD6B522 /* Pods_MonitoringDemo.framework */; };
/* End PBXBuildFile section */

/* Begin PBXFileReference section */
		4ECE2E601F02F7DA00FC1851 /* MonitoringDemo.app */ = {isa = PBXFileReference; explicitFileType = wrapper.application; includeInIndex = 0; path = MonitoringDemo.app; sourceTree = BUILT_PRODUCTS_DIR; };
		4ECE2E631F02F7DA00FC1851 /* AppDelegate.swift */ = {isa = PBXFileReference; lastKnownFileType = sourcecode.swift; path = AppDelegate.swift; sourceTree = "<group>"; };
		4ECE2E651F02F7DA00FC1851 /* ViewController.swift */ = {isa = PBXFileReference; lastKnownFileType = sourcecode.swift; path = ViewController.swift; sourceTree = "<group>"; };
		4ECE2E681F02F7DA00FC1851 /* Base */ = {isa = PBXFileReference; lastKnownFileType = file.storyboard; name = Base; path = Base.lproj/Main.storyboard; sourceTree = "<group>"; };
		4ECE2E6A1F02F7DA00FC1851 /* Assets.xcassets */ = {isa = PBXFileReference; lastKnownFileType = folder.assetcatalog; path = Assets.xcassets; sourceTree = "<group>"; };
		4ECE2E6D1F02F7DA00FC1851 /* Base */ = {isa = PBXFileReference; lastKnownFileType = file.storyboard; name = Base; path = Base.lproj/LaunchScreen.storyboard; sourceTree = "<group>"; };
		4ECE2E6F1F02F7DA00FC1851 /* Info.plist */ = {isa = PBXFileReference; lastKnownFileType = text.plist.xml; path = Info.plist; sourceTree = "<group>"; };
		4ECE2E751F02F92E00FC1851 /* LocationCollectingAndSending.swift */ = {isa = PBXFileReference; fileEncoding = 4; lastKnownFileType = sourcecode.swift; path = LocationCollectingAndSending.swift; sourceTree = "<group>"; };
		4ECE2E781F02FAB600FC1851 /* MonitoringManager.swift */ = {isa = PBXFileReference; fileEncoding = 4; lastKnownFileType = sourcecode.swift; path = MonitoringManager.swift; sourceTree = "<group>"; };
		4ECE2E7A1F03080600FC1851 /* Settings.swift */ = {isa = PBXFileReference; fileEncoding = 4; lastKnownFileType = sourcecode.swift; path = Settings.swift; sourceTree = "<group>"; };
		80A59C8BF2951E2A6FD6B522 /* Pods_MonitoringDemo.framework */ = {isa = PBXFileReference; explicitFileType = wrapper.framework; includeInIndex = 0; path = Pods_MonitoringDemo.framework; sourceTree = BUILT_PRODUCTS_DIR; };
		C9F1C0971AD1BF0F1F7841EC /* Pods-MonitoringDemo.release.xcconfig */ = {isa = PBXFileReference; includeInIndex = 1; lastKnownFileType = text.xcconfig; name = "Pods-MonitoringDemo.release.xcconfig"; path = "Pods/Target Support Files/Pods-MonitoringDemo/Pods-MonitoringDemo.release.xcconfig"; sourceTree = "<group>"; };
		EA0BDADC2EFC6B18A7497D88 /* Pods-MonitoringDemo.debug.xcconfig */ = {isa = PBXFileReference; includeInIndex = 1; lastKnownFileType = text.xcconfig; name = "Pods-MonitoringDemo.debug.xcconfig"; path = "Pods/Target Support Files/Pods-MonitoringDemo/Pods-MonitoringDemo.debug.xcconfig"; sourceTree = "<group>"; };
/* End PBXFileReference section */

/* Begin PBXFrameworksBuildPhase section */
		4ECE2E5D1F02F7DA00FC1851 /* Frameworks */ = {
			isa = PBXFrameworksBuildPhase;
			buildActionMask = 2147483647;
			files = (
				938C0F35BF120418960E8121 /* Pods_MonitoringDemo.framework in Frameworks */,
			);
			runOnlyForDeploymentPostprocessing = 0;
		};
/* End PBXFrameworksBuildPhase section */

/* Begin PBXGroup section */
		27B2814A6867D800BF695876 /* Pods */ = {
			isa = PBXGroup;
			children = (
				EA0BDADC2EFC6B18A7497D88 /* Pods-MonitoringDemo.debug.xcconfig */,
				C9F1C0971AD1BF0F1F7841EC /* Pods-MonitoringDemo.release.xcconfig */,
			);
			name = Pods;
			sourceTree = "<group>";
		};
		4ECE2E571F02F7DA00FC1851 = {
			isa = PBXGroup;
			children = (
				4ECE2E621F02F7DA00FC1851 /* MonitoringDemo */,
				4ECE2E611F02F7DA00FC1851 /* Products */,
				27B2814A6867D800BF695876 /* Pods */,
				A44A75BF65594DBC78C59141 /* Frameworks */,
			);
			sourceTree = "<group>";
		};
		4ECE2E611F02F7DA00FC1851 /* Products */ = {
			isa = PBXGroup;
			children = (
				4ECE2E601F02F7DA00FC1851 /* MonitoringDemo.app */,
			);
			name = Products;
			sourceTree = "<group>";
		};
		4ECE2E621F02F7DA00FC1851 /* MonitoringDemo */ = {
			isa = PBXGroup;
			children = (
				4ECE2E771F02FA4900FC1851 /* Monitoring */,
				4ECE2E631F02F7DA00FC1851 /* AppDelegate.swift */,
				4ECE2E651F02F7DA00FC1851 /* ViewController.swift */,
				4ECE2E671F02F7DA00FC1851 /* Main.storyboard */,
				4ECE2E6A1F02F7DA00FC1851 /* Assets.xcassets */,
				4ECE2E6C1F02F7DA00FC1851 /* LaunchScreen.storyboard */,
				4ECE2E6F1F02F7DA00FC1851 /* Info.plist */,
			);
			path = MonitoringDemo;
			sourceTree = "<group>";
		};
		4ECE2E771F02FA4900FC1851 /* Monitoring */ = {
			isa = PBXGroup;
			children = (
				4ECE2E751F02F92E00FC1851 /* LocationCollectingAndSending.swift */,
				4ECE2E781F02FAB600FC1851 /* MonitoringManager.swift */,
				4ECE2E7A1F03080600FC1851 /* Settings.swift */,
			);
			name = Monitoring;
			sourceTree = "<group>";
		};
		A44A75BF65594DBC78C59141 /* Frameworks */ = {
			isa = PBXGroup;
			children = (
				80A59C8BF2951E2A6FD6B522 /* Pods_MonitoringDemo.framework */,
			);
			name = Frameworks;
			sourceTree = "<group>";
		};
/* End PBXGroup section */

/* Begin PBXNativeTarget section */
		4ECE2E5F1F02F7DA00FC1851 /* MonitoringDemo */ = {
			isa = PBXNativeTarget;
			buildConfigurationList = 4ECE2E721F02F7DA00FC1851 /* Build configuration list for PBXNativeTarget "MonitoringDemo" */;
			buildPhases = (
				0EE669C8772A6FEF1157CFB1 /* [CP] Check Pods Manifest.lock */,
				4ECE2E5C1F02F7DA00FC1851 /* Sources */,
				4ECE2E5D1F02F7DA00FC1851 /* Frameworks */,
				4ECE2E5E1F02F7DA00FC1851 /* Resources */,
				EA3BC8019347206068662439 /* [CP] Embed Pods Frameworks */,
				2E588D38A196B8D41BC306DF /* [CP] Copy Pods Resources */,
			);
			buildRules = (
			);
			dependencies = (
			);
			name = MonitoringDemo;
			productName = MonitoringDemo;
			productReference = 4ECE2E601F02F7DA00FC1851 /* MonitoringDemo.app */;
			productType = "com.apple.product-type.application";
		};
/* End PBXNativeTarget section */

/* Begin PBXProject section */
		4ECE2E581F02F7DA00FC1851 /* Project object */ = {
			isa = PBXProject;
			attributes = {
				LastSwiftUpdateCheck = 0830;
				LastUpgradeCheck = 0830;
				ORGANIZATIONNAME = "Aleksandr Terentev";
				TargetAttributes = {
					4ECE2E5F1F02F7DA00FC1851 = {
						CreatedOnToolsVersion = 8.3.2;
						DevelopmentTeam = X483YMLE4M;
						ProvisioningStyle = Automatic;
					};
				};
			};
			buildConfigurationList = 4ECE2E5B1F02F7DA00FC1851 /* Build configuration list for PBXProject "MonitoringDemo" */;
			compatibilityVersion = "Xcode 3.2";
			developmentRegion = English;
			hasScannedForEncodings = 0;
			knownRegions = (
				en,
				Base,
			);
			mainGroup = 4ECE2E571F02F7DA00FC1851;
			productRefGroup = 4ECE2E611F02F7DA00FC1851 /* Products */;
			projectDirPath = "";
			projectRoot = "";
			targets = (
				4ECE2E5F1F02F7DA00FC1851 /* MonitoringDemo */,
			);
		};
/* End PBXProject section */

/* Begin PBXResourcesBuildPhase section */
		4ECE2E5E1F02F7DA00FC1851 /* Resources */ = {
			isa = PBXResourcesBuildPhase;
			buildActionMask = 2147483647;
			files = (
				4ECE2E6E1F02F7DA00FC1851 /* LaunchScreen.storyboard in Resources */,
				4ECE2E6B1F02F7DA00FC1851 /* Assets.xcassets in Resources */,
				4ECE2E691F02F7DA00FC1851 /* Main.storyboard in Resources */,
			);
			runOnlyForDeploymentPostprocessing = 0;
		};
/* End PBXResourcesBuildPhase section */

/* Begin PBXShellScriptBuildPhase section */
		0EE669C8772A6FEF1157CFB1 /* [CP] Check Pods Manifest.lock */ = {
			isa = PBXShellScriptBuildPhase;
			buildActionMask = 2147483647;
			files = (
			);
			inputPaths = (
			);
			name = "[CP] Check Pods Manifest.lock";
			outputPaths = (
			);
			runOnlyForDeploymentPostprocessing = 0;
			shellPath = /bin/sh;
			shellScript = "diff \"${PODS_PODFILE_DIR_PATH}/Podfile.lock\" \"${PODS_ROOT}/Manifest.lock\" > /dev/null\nif [ $? != 0 ] ; then\n    # print error to STDERR\n    echo \"error: The sandbox is not in sync with the Podfile.lock. Run 'pod install' or update your CocoaPods installation.\" >&2\n    exit 1\nfi\n";
			showEnvVarsInLog = 0;
		};
		2E588D38A196B8D41BC306DF /* [CP] Copy Pods Resources */ = {
			isa = PBXShellScriptBuildPhase;
			buildActionMask = 2147483647;
			files = (
			);
			inputPaths = (
			);
			name = "[CP] Copy Pods Resources";
			outputPaths = (
			);
			runOnlyForDeploymentPostprocessing = 0;
			shellPath = /bin/sh;
			shellScript = "\"${SRCROOT}/Pods/Target Support Files/Pods-MonitoringDemo/Pods-MonitoringDemo-resources.sh\"\n";
			showEnvVarsInLog = 0;
		};
		EA3BC8019347206068662439 /* [CP] Embed Pods Frameworks */ = {
			isa = PBXShellScriptBuildPhase;
			buildActionMask = 2147483647;
			files = (
			);
			inputPaths = (
			);
			name = "[CP] Embed Pods Frameworks";
			outputPaths = (
			);
			runOnlyForDeploymentPostprocessing = 0;
			shellPath = /bin/sh;
			shellScript = "\"${SRCROOT}/Pods/Target Support Files/Pods-MonitoringDemo/Pods-MonitoringDemo-frameworks.sh\"\n";
			showEnvVarsInLog = 0;
		};
/* End PBXShellScriptBuildPhase section */

/* Begin PBXSourcesBuildPhase section */
		4ECE2E5C1F02F7DA00FC1851 /* Sources */ = {
			isa = PBXSourcesBuildPhase;
			buildActionMask = 2147483647;
			files = (
				4ECE2E761F02F92E00FC1851 /* LocationCollectingAndSending.swift in Sources */,
				4ECE2E661F02F7DA00FC1851 /* ViewController.swift in Sources */,
				4ECE2E641F02F7DA00FC1851 /* AppDelegate.swift in Sources */,
				4ECE2E791F02FAB600FC1851 /* MonitoringManager.swift in Sources */,
				4ECE2E7B1F03080600FC1851 /* Settings.swift in Sources */,
			);
			runOnlyForDeploymentPostprocessing = 0;
		};
/* End PBXSourcesBuildPhase section */

/* Begin PBXVariantGroup section */
		4ECE2E671F02F7DA00FC1851 /* Main.storyboard */ = {
			isa = PBXVariantGroup;
			children = (
				4ECE2E681F02F7DA00FC1851 /* Base */,
			);
			name = Main.storyboard;
			sourceTree = "<group>";
		};
		4ECE2E6C1F02F7DA00FC1851 /* LaunchScreen.storyboard */ = {
			isa = PBXVariantGroup;
			children = (
				4ECE2E6D1F02F7DA00FC1851 /* Base */,
			);
			name = LaunchScreen.storyboard;
			sourceTree = "<group>";
		};
/* End PBXVariantGroup section */

/* Begin XCBuildConfiguration section */
		4ECE2E701F02F7DA00FC1851 /* Debug */ = {
			isa = XCBuildConfiguration;
			buildSettings = {
				ALWAYS_SEARCH_USER_PATHS = NO;
				CLANG_ANALYZER_NONNULL = YES;
				CLANG_ANALYZER_NUMBER_OBJECT_CONVERSION = YES_AGGRESSIVE;
				CLANG_CXX_LANGUAGE_STANDARD = "gnu++0x";
				CLANG_CXX_LIBRARY = "libc++";
				CLANG_ENABLE_MODULES = YES;
				CLANG_ENABLE_OBJC_ARC = YES;
				CLANG_WARN_BOOL_CONVERSION = YES;
				CLANG_WARN_CONSTANT_CONVERSION = YES;
				CLANG_WARN_DIRECT_OBJC_ISA_USAGE = YES_ERROR;
				CLANG_WARN_DOCUMENTATION_COMMENTS = YES;
				CLANG_WARN_EMPTY_BODY = YES;
				CLANG_WARN_ENUM_CONVERSION = YES;
				CLANG_WARN_INFINITE_RECURSION = YES;
				CLANG_WARN_INT_CONVERSION = YES;
				CLANG_WARN_OBJC_ROOT_CLASS = YES_ERROR;
				CLANG_WARN_SUSPICIOUS_MOVE = YES;
				CLANG_WARN_UNREACHABLE_CODE = YES;
				CLANG_WARN__DUPLICATE_METHOD_MATCH = YES;
				"CODE_SIGN_IDENTITY[sdk=iphoneos*]" = "iPhone Developer";
				COPY_PHASE_STRIP = NO;
				DEBUG_INFORMATION_FORMAT = dwarf;
				ENABLE_STRICT_OBJC_MSGSEND = YES;
				ENABLE_TESTABILITY = YES;
				GCC_C_LANGUAGE_STANDARD = gnu99;
				GCC_DYNAMIC_NO_PIC = NO;
				GCC_NO_COMMON_BLOCKS = YES;
				GCC_OPTIMIZATION_LEVEL = 0;
				GCC_PREPROCESSOR_DEFINITIONS = (
					"DEBUG=1",
					"$(inherited)",
				);
				GCC_WARN_64_TO_32_BIT_CONVERSION = YES;
				GCC_WARN_ABOUT_RETURN_TYPE = YES_ERROR;
				GCC_WARN_UNDECLARED_SELECTOR = YES;
				GCC_WARN_UNINITIALIZED_AUTOS = YES_AGGRESSIVE;
				GCC_WARN_UNUSED_FUNCTION = YES;
				GCC_WARN_UNUSED_VARIABLE = YES;
				IPHONEOS_DEPLOYMENT_TARGET = 10.3;
				MTL_ENABLE_DEBUG_INFO = YES;
				ONLY_ACTIVE_ARCH = YES;
				SDKROOT = iphoneos;
				SWIFT_ACTIVE_COMPILATION_CONDITIONS = DEBUG;
				SWIFT_OPTIMIZATION_LEVEL = "-Onone";
				TARGETED_DEVICE_FAMILY = "1,2";
			};
			name = Debug;
		};
		4ECE2E711F02F7DA00FC1851 /* Release */ = {
			isa = XCBuildConfiguration;
			buildSettings = {
				ALWAYS_SEARCH_USER_PATHS = NO;
				CLANG_ANALYZER_NONNULL = YES;
				CLANG_ANALYZER_NUMBER_OBJECT_CONVERSION = YES_AGGRESSIVE;
				CLANG_CXX_LANGUAGE_STANDARD = "gnu++0x";
				CLANG_CXX_LIBRARY = "libc++";
				CLANG_ENABLE_MODULES = YES;
				CLANG_ENABLE_OBJC_ARC = YES;
				CLANG_WARN_BOOL_CONVERSION = YES;
				CLANG_WARN_CONSTANT_CONVERSION = YES;
				CLANG_WARN_DIRECT_OBJC_ISA_USAGE = YES_ERROR;
				CLANG_WARN_DOCUMENTATION_COMMENTS = YES;
				CLANG_WARN_EMPTY_BODY = YES;
				CLANG_WARN_ENUM_CONVERSION = YES;
				CLANG_WARN_INFINITE_RECURSION = YES;
				CLANG_WARN_INT_CONVERSION = YES;
				CLANG_WARN_OBJC_ROOT_CLASS = YES_ERROR;
				CLANG_WARN_SUSPICIOUS_MOVE = YES;
				CLANG_WARN_UNREACHABLE_CODE = YES;
				CLANG_WARN__DUPLICATE_METHOD_MATCH = YES;
				"CODE_SIGN_IDENTITY[sdk=iphoneos*]" = "iPhone Developer";
				COPY_PHASE_STRIP = NO;
				DEBUG_INFORMATION_FORMAT = "dwarf-with-dsym";
				ENABLE_NS_ASSERTIONS = NO;
				ENABLE_STRICT_OBJC_MSGSEND = YES;
				GCC_C_LANGUAGE_STANDARD = gnu99;
				GCC_NO_COMMON_BLOCKS = YES;
				GCC_WARN_64_TO_32_BIT_CONVERSION = YES;
				GCC_WARN_ABOUT_RETURN_TYPE = YES_ERROR;
				GCC_WARN_UNDECLARED_SELECTOR = YES;
				GCC_WARN_UNINITIALIZED_AUTOS = YES_AGGRESSIVE;
				GCC_WARN_UNUSED_FUNCTION = YES;
				GCC_WARN_UNUSED_VARIABLE = YES;
				IPHONEOS_DEPLOYMENT_TARGET = 10.3;
				MTL_ENABLE_DEBUG_INFO = NO;
				SDKROOT = iphoneos;
				SWIFT_OPTIMIZATION_LEVEL = "-Owholemodule";
				TARGETED_DEVICE_FAMILY = "1,2";
				VALIDATE_PRODUCT = YES;
			};
			name = Release;
		};
		4ECE2E731F02F7DA00FC1851 /* Debug */ = {
			isa = XCBuildConfiguration;
			baseConfigurationReference = EA0BDADC2EFC6B18A7497D88 /* Pods-MonitoringDemo.debug.xcconfig */;
			buildSettings = {
				ASSETCATALOG_COMPILER_APPICON_NAME = AppIcon;
				DEVELOPMENT_TEAM = X483YMLE4M;
				INFOPLIST_FILE = MonitoringDemo/Info.plist;
				LD_RUNPATH_SEARCH_PATHS = "$(inherited) @executable_path/Frameworks";
				PRODUCT_BUNDLE_IDENTIFIER = "Free-Students.MonitoringDemo";
				PRODUCT_NAME = "$(TARGET_NAME)";
				SWIFT_VERSION = 3.0;
			};
			name = Debug;
		};
		4ECE2E741F02F7DA00FC1851 /* Release */ = {
			isa = XCBuildConfiguration;
			baseConfigurationReference = C9F1C0971AD1BF0F1F7841EC /* Pods-MonitoringDemo.release.xcconfig */;
			buildSettings = {
				ASSETCATALOG_COMPILER_APPICON_NAME = AppIcon;
				DEVELOPMENT_TEAM = X483YMLE4M;
				INFOPLIST_FILE = MonitoringDemo/Info.plist;
				LD_RUNPATH_SEARCH_PATHS = "$(inherited) @executable_path/Frameworks";
				PRODUCT_BUNDLE_IDENTIFIER = "Free-Students.MonitoringDemo";
				PRODUCT_NAME = "$(TARGET_NAME)";
				SWIFT_VERSION = 3.0;
			};
			name = Release;
		};
/* End XCBuildConfiguration section */

/* Begin XCConfigurationList section */
		4ECE2E5B1F02F7DA00FC1851 /* Build configuration list for PBXProject "MonitoringDemo" */ = {
			isa = XCConfigurationList;
			buildConfigurations = (
				4ECE2E701F02F7DA00FC1851 /* Debug */,
				4ECE2E711F02F7DA00FC1851 /* Release */,
			);
			defaultConfigurationIsVisible = 0;
			defaultConfigurationName = Release;
		};
		4ECE2E721F02F7DA00FC1851 /* Build configuration list for PBXNativeTarget "MonitoringDemo" */ = {
			isa = XCConfigurationList;
			buildConfigurations = (
				4ECE2E731F02F7DA00FC1851 /* Debug */,
				4ECE2E741F02F7DA00FC1851 /* Release */,
			);
			defaultConfigurationIsVisible = 0;
			defaultConfigurationName = Release;
		};
/* End XCConfigurationList section */
	};
	rootObject = 4ECE2E581F02F7DA00FC1851 /* Project object */;
}
